
Microsoft Visual Studio Solution File, Format Version 12.00
# Visual Studio Version 17
VisualStudioVersion = 17.0.31903.59
MinimumVisualStudioVersion = 10.0.40219.1
Project("{FAE04EC0-301F-11D3-BF4B-00C04F79EFBC}") = "FintechPaymentPOC.Domain", "FintechPaymentPOC.Domain\FintechPaymentPOC.Domain.csproj", "{D165DAAC-C3E2-4E62-9699-02A11F802BCA}"
EndProject
Project("{FAE04EC0-301F-11D3-BF4B-00C04F79EFBC}") = "FintechPaymentPOC.Application", "FintechPaymentPOC.Application\FintechPaymentPOC.Application.csproj", "{2AB4ED00-5613-40B4-B138-18C35F34A3C2}"
EndProject
Project("{FAE04EC0-301F-11D3-BF4B-00C04F79EFBC}") = "FintechPaymentPOC.Infrastructure", "FintechPaymentPOC.Infrastructure\FintechPaymentPOC.Infrastructure.csproj", "{40DCDA64-C41F-4E86-9498-7B8E885F7393}"
EndProject
Project("{FAE04EC0-301F-11D3-BF4B-00C04F79EFBC}") = "FintechPaymentPOC.API", "FintechPaymentPOC.API\FintechPaymentPOC.API.csproj", "{FEBF6432-B468-40BF-8E35-BEAE0EBAF637}"
EndProject
Global
	GlobalSection(SolutionConfigurationPlatforms) = preSolution
		Debug|Any CPU = Debug|Any CPU
		Debug|x64 = Debug|x64
		Debug|x86 = Debug|x86
		Release|Any CPU = Release|Any CPU
		Release|x64 = Release|x64
		Release|x86 = Release|x86
	EndGlobalSection
	GlobalSection(ProjectConfigurationPlatforms) = postSolution
		{D165DAAC-C3E2-4E62-9699-02A11F802BCA}.Debug|Any CPU.ActiveCfg = Debug|Any CPU
		{D165DAAC-C3E2-4E62-9699-02A11F802BCA}.Debug|Any CPU.Build.0 = Debug|Any CPU
		{D165DAAC-C3E2-4E62-9699-02A11F802BCA}.Debug|x64.ActiveCfg = Debug|Any CPU
		{D165DAAC-C3E2-4E62-9699-02A11F802BCA}.Debug|x64.Build.0 = Debug|Any CPU
		{D165DAAC-C3E2-4E62-9699-02A11F802BCA}.Debug|x86.ActiveCfg = Debug|Any CPU
		{D165DAAC-C3E2-4E62-9699-02A11F802BCA}.Debug|x86.Build.0 = Debug|Any CPU
		{D165DAAC-C3E2-4E62-9699-02A11F802BCA}.Release|Any CPU.ActiveCfg = Release|Any CPU
		{D165DAAC-C3E2-4E62-9699-02A11F802BCA}.Release|Any CPU.Build.0 = Release|Any CPU
		{D165DAAC-C3E2-4E62-9699-02A11F802BCA}.Release|x64.ActiveCfg = Release|Any CPU
		{D165DAAC-C3E2-4E62-9699-02A11F802BCA}.Release|x64.Build.0 = Release|Any CPU
		{D165DAAC-C3E2-4E62-9699-02A11F802BCA}.Release|x86.ActiveCfg = Release|Any CPU
		{D165DAAC-C3E2-4E62-9699-02A11F802BCA}.Release|x86.Build.0 = Release|Any CPU
		{2AB4ED00-5613-40B4-B138-18C35F34A3C2}.Debug|Any CPU.ActiveCfg = Debug|Any CPU
		{2AB4ED00-5613-40B4-B138-18C35F34A3C2}.Debug|Any CPU.Build.0 = Debug|Any CPU
		{2AB4ED00-5613-40B4-B138-18C35F34A3C2}.Debug|x64.ActiveCfg = Debug|Any CPU
		{2AB4ED00-5613-40B4-B138-18C35F34A3C2}.Debug|x64.Build.0 = Debug|Any CPU
		{2AB4ED00-5613-40B4-B138-18C35F34A3C2}.Debug|x86.ActiveCfg = Debug|Any CPU
		{2AB4ED00-5613-40B4-B138-18C35F34A3C2}.Debug|x86.Build.0 = Debug|Any CPU
		{2AB4ED00-5613-40B4-B138-18C35F34A3C2}.Release|Any CPU.ActiveCfg = Release|Any CPU
		{2AB4ED00-5613-40B4-B138-18C35F34A3C2}.Release|Any CPU.Build.0 = Release|Any CPU
		{2AB4ED00-5613-40B4-B138-18C35F34A3C2}.Release|x64.ActiveCfg = Release|Any CPU
		{2AB4ED00-5613-40B4-B138-18C35F34A3C2}.Release|x64.Build.0 = Release|Any CPU
		{2AB4ED00-5613-40B4-B138-18C35F34A3C2}.Release|x86.ActiveCfg = Release|Any CPU
		{2AB4ED00-5613-40B4-B138-18C35F34A3C2}.Release|x86.Build.0 = Release|Any CPU
		{40DCDA64-C41F-4E86-9498-7B8E885F7393}.Debug|Any CPU.ActiveCfg = Debug|Any CPU
		{40DCDA64-C41F-4E86-9498-7B8E885F7393}.Debug|Any CPU.Build.0 = Debug|Any CPU
		{40DCDA64-C41F-4E86-9498-7B8E885F7393}.Debug|x64.ActiveCfg = Debug|Any CPU
		{40DCDA64-C41F-4E86-9498-7B8E885F7393}.Debug|x64.Build.0 = Debug|Any CPU
		{40DCDA64-C41F-4E86-9498-7B8E885F7393}.Debug|x86.ActiveCfg = Debug|Any CPU
		{40DCDA64-C41F-4E86-9498-7B8E885F7393}.Debug|x86.Build.0 = Debug|Any CPU
		{40DCDA64-C41F-4E86-9498-7B8E885F7393}.Release|Any CPU.ActiveCfg = Release|Any CPU
		{40DCDA64-C41F-4E86-9498-7B8E885F7393}.Release|Any CPU.Build.0 = Release|Any CPU
		{40DCDA64-C41F-4E86-9498-7B8E885F7393}.Release|x64.ActiveCfg = Release|Any CPU
		{40DCDA64-C41F-4E86-9498-7B8E885F7393}.Release|x64.Build.0 = Release|Any CPU
		{40DCDA64-C41F-4E86-9498-7B8E885F7393}.Release|x86.ActiveCfg = Release|Any CPU
		{40DCDA64-C41F-4E86-9498-7B8E885F7393}.Release|x86.Build.0 = Release|Any CPU
		{FEBF6432-B468-40BF-8E35-BEAE0EBAF637}.Debug|Any CPU.ActiveCfg = Debug|Any CPU
		{FEBF6432-B468-40BF-8E35-BEAE0EBAF637}.Debug|Any CPU.Build.0 = Debug|Any CPU
		{FEBF6432-B468-40BF-8E35-BEAE0EBAF637}.Debug|x64.ActiveCfg = Debug|Any CPU
		{FEBF6432-B468-40BF-8E35-BEAE0EBAF637}.Debug|x64.Build.0 = Debug|Any CPU
		{FEBF6432-B468-40BF-8E35-BEAE0EBAF637}.Debug|x86.ActiveCfg = Debug|Any CPU
		{FEBF6432-B468-40BF-8E35-BEAE0EBAF637}.Debug|x86.Build.0 = Debug|Any CPU
		{FEBF6432-B468-40BF-8E35-BEAE0EBAF637}.Release|Any CPU.ActiveCfg = Release|Any CPU
		{FEBF6432-B468-40BF-8E35-BEAE0EBAF637}.Release|Any CPU.Build.0 = Release|Any CPU
		{FEBF6432-B468-40BF-8E35-BEAE0EBAF637}.Release|x64.ActiveCfg = Release|Any CPU
		{FEBF6432-B468-40BF-8E35-BEAE0EBAF637}.Release|x64.Build.0 = Release|Any CPU
		{FEBF6432-B468-40BF-8E35-BEAE0EBAF637}.Release|x86.ActiveCfg = Release|Any CPU
		{FEBF6432-B468-40BF-8E35-BEAE0EBAF637}.Release|x86.Build.0 = Release|Any CPU
	EndGlobalSection
	GlobalSection(SolutionProperties) = preSolution
		HideSolutionNode = FALSE
	EndGlobalSection
EndGlobal
